{
  "name": "dmx-devices",
  "version": "0.4.0",
  "lockfileVersion": 2,
  "requires": true,
  "packages": {
    "": {
      "name": "dmx-devices",
      "version": "0.4.0",
      "license": "MIT",
      "dependencies": {
        "chroma-js": "^3.1.2"
      }
    },
    "node_modules/chroma-js": {
      "version": "3.1.2",
      "resolved": "https://registry.npmjs.org/chroma-js/-/chroma-js-3.1.2.tgz",
      "integrity": "sha512-IJnETTalXbsLx1eKEgx19d5L6SRM7cH4vINw/99p/M11HCuXGRWL+6YmCm7FWFGIo6dtWuQoQi1dc5yQ7ESIHg==",
      "license": "(BSD-3-Clause AND Apache-2.0)"
    }
  },
  "dependencies": {
    "chroma-js": {
      "version": "3.1.2",
      "resolved": "https://registry.npmjs.org/chroma-js/-/chroma-js-3.1.2.tgz",
      "integrity": "sha512-IJnETTalXbsLx1eKEgx19d5L6SRM7cH4vINw/99p/M11HCuXGRWL+6YmCm7FWFGIo6dtWuQoQi1dc5yQ7ESIHg=="
    }
  }
}
